
Microsoft Visual Studio Solution File, Format Version 12.00
# Visual Studio Version 17
VisualStudioVersion = 17.4.33110.190
MinimumVisualStudioVersion = 10.0.40219.1
Project("{FAE04EC0-301F-11D3-BF4B-00C04F79EFBC}") = "DeSoos", "DeSoos\DeSoos.csproj", "{06D166C5-3604-4564-8A1F-52AE52B532A7}"
EndProject
Global
	GlobalSection(SolutionConfigurationPlatforms) = preSolution
		Debug|Any CPU = Debug|Any CPU
		Release|Any CPU = Release|Any CPU
	EndGlobalSection
	GlobalSection(ProjectConfigurationPlatforms) = postSolution
		{06D166C5-3604-4564-8A1F-52AE52B532A7}.Debug|Any CPU.ActiveCfg = Debug|Any CPU
		{06D166C5-3604-4564-8A1F-52AE52B532A7}.Debug|Any CPU.Build.0 = Debug|Any CPU
		{06D166C5-3604-4564-8A1F-52AE52B532A7}.Release|Any CPU.ActiveCfg = Release|Any CPU
		{06D166C5-3604-4564-8A1F-52AE52B532A7}.Release|Any CPU.Build.0 = Release|Any CPU
	EndGlobalSection
	GlobalSection(SolutionProperties) = preSolution
		HideSolutionNode = FALSE
	EndGlobalSection
	GlobalSection(ExtensibilityGlobals) = postSolution
		SolutionGuid = {11E5E9E5-BF51-462D-AE89-3E7CD9B855DD}
	EndGlobalSection
EndGlobal
